
Microsoft Visual Studio Solution File, Format Version 12.00
# Visual Studio 2013
VisualStudioVersion = 12.0.40629.0
MinimumVisualStudioVersion = 10.0.40219.1
Project("{FAE04EC0-301F-11D3-BF4B-00C04F79EFBC}") = "CODE_LOVER", "CODE_LOVER\CODE_LOVER.csproj", "{DE75D2EC-3007-4049-AAD1-DBC412E1ECC8}"
EndProject
Project("{FAE04EC0-301F-11D3-BF4B-00C04F79EFBC}") = "CODE_LOVER.Tests", "CODE_LOVER.Tests\CODE_LOVER.Tests.csproj", "{A5757E67-56A6-43D2-BC1A-85CED724F578}"
EndProject
Global
	GlobalSection(SolutionConfigurationPlatforms) = preSolution
		Debug|Any CPU = Debug|Any CPU
		Release|Any CPU = Release|Any CPU
	EndGlobalSection
	GlobalSection(ProjectConfigurationPlatforms) = postSolution
		{DE75D2EC-3007-4049-AAD1-DBC412E1ECC8}.Debug|Any CPU.ActiveCfg = Debug|Any CPU
		{DE75D2EC-3007-4049-AAD1-DBC412E1ECC8}.Debug|Any CPU.Build.0 = Debug|Any CPU
		{DE75D2EC-3007-4049-AAD1-DBC412E1ECC8}.Release|Any CPU.ActiveCfg = Release|Any CPU
		{DE75D2EC-3007-4049-AAD1-DBC412E1ECC8}.Release|Any CPU.Build.0 = Release|Any CPU
		{A5757E67-56A6-43D2-BC1A-85CED724F578}.Debug|Any CPU.ActiveCfg = Debug|Any CPU
		{A5757E67-56A6-43D2-BC1A-85CED724F578}.Debug|Any CPU.Build.0 = Debug|Any CPU
		{A5757E67-56A6-43D2-BC1A-85CED724F578}.Release|Any CPU.ActiveCfg = Release|Any CPU
		{A5757E67-56A6-43D2-BC1A-85CED724F578}.Release|Any CPU.Build.0 = Release|Any CPU
	EndGlobalSection
	GlobalSection(SolutionProperties) = preSolution
		HideSolutionNode = FALSE
	EndGlobalSection
EndGlobal
